// !$*UTF8*$!
{
	archiveVersion = 1;
	classes = {
	};
	objectVersion = 48;
	objects = {

/* Begin PBXBuildFile section */
		1187B04D21357A16001FA202 /* AppDelegate.m in Sources */ = {isa = PBXBuildFile; fileRef = 1187B04C21357A16001FA202 /* AppDelegate.m */; };
		1187B05021357A16001FA202 /* ViewController.m in Sources */ = {isa = PBXBuildFile; fileRef = 1187B04F21357A16001FA202 /* ViewController.m */; };
		1187B05321357A16001FA202 /* Main.storyboard in Resources */ = {isa = PBXBuildFile; fileRef = 1187B05121357A16001FA202 /* Main.storyboard */; };
		1187B05521357A16001FA202 /* Assets.xcassets in Resources */ = {isa = PBXBuildFile; fileRef = 1187B05421357A16001FA202 /* Assets.xcassets */; };
		1187B05821357A16001FA202 /* LaunchScreen.storyboard in Resources */ = {isa = PBXBuildFile; fileRef = 1187B05621357A16001FA202 /* LaunchScreen.storyboard */; };
		1187B05B21357A16001FA202 /* main.m in Sources */ = {isa = PBXBuildFile; fileRef = 1187B05A21357A16001FA202 /* main.m */; };
		1187B06521357A16001FA202 /* MXKIFTextTests.m in Sources */ = {isa = PBXBuildFile; fileRef = 1187B06421357A16001FA202 /* MXKIFTextTests.m */; };
		1187B07021357A16001FA202 /* MXKIFTextUITests.m in Sources */ = {isa = PBXBuildFile; fileRef = 1187B06F21357A16001FA202 /* MXKIFTextUITests.m */; };
		1187B09A21357D43001FA202 /* FeedVC.m in Sources */ = {isa = PBXBuildFile; fileRef = 1187B09921357D43001FA202 /* FeedVC.m */; };
		1187B15121358BCD001FA202 /* Main.storyboard in Resources */ = {isa = PBXBuildFile; fileRef = 1187B05121357A16001FA202 /* Main.storyboard */; };
/* End PBXBuildFile section */

/* Begin PBXContainerItemProxy section */
		1187B06121357A16001FA202 /* PBXContainerItemProxy */ = {
			isa = PBXContainerItemProxy;
			containerPortal = 1187B04021357A16001FA202 /* Project object */;
			proxyType = 1;
			remoteGlobalIDString = 1187B04721357A16001FA202;
			remoteInfo = MXKIFText;
		};
		1187B06C21357A16001FA202 /* PBXContainerItemProxy */ = {
			isa = PBXContainerItemProxy;
			containerPortal = 1187B04021357A16001FA202 /* Project object */;
			proxyType = 1;
			remoteGlobalIDString = 1187B04721357A16001FA202;
			remoteInfo = MXKIFText;
		};
/* End PBXContainerItemProxy section */

/* Begin PBXFileReference section */
		1187B04821357A16001FA202 /* MXKIFText.app */ = {isa = PBXFileReference; explicitFileType = wrapper.application; includeInIndex = 0; path = MXKIFText.app; sourceTree = BUILT_PRODUCTS_DIR; };
		1187B04B21357A16001FA202 /* AppDelegate.h */ = {isa = PBXFileReference; lastKnownFileType = sourcecode.c.h; path = AppDelegate.h; sourceTree = "<group>"; };
		1187B04C21357A16001FA202 /* AppDelegate.m */ = {isa = PBXFileReference; lastKnownFileType = sourcecode.c.objc; path = AppDelegate.m; sourceTree = "<group>"; };
		1187B04E21357A16001FA202 /* ViewController.h */ = {isa = PBXFileReference; lastKnownFileType = sourcecode.c.h; path = ViewController.h; sourceTree = "<group>"; };
		1187B04F21357A16001FA202 /* ViewController.m */ = {isa = PBXFileReference; lastKnownFileType = sourcecode.c.objc; path = ViewController.m; sourceTree = "<group>"; };
		1187B05221357A16001FA202 /* Base */ = {isa = PBXFileReference; lastKnownFileType = file.storyboard; name = Base; path = Base.lproj/Main.storyboard; sourceTree = "<group>"; };
		1187B05421357A16001FA202 /* Assets.xcassets */ = {isa = PBXFileReference; lastKnownFileType = folder.assetcatalog; path = Assets.xcassets; sourceTree = "<group>"; };
		1187B05721357A16001FA202 /* Base */ = {isa = PBXFileReference; lastKnownFileType = file.storyboard; name = Base; path = Base.lproj/LaunchScreen.storyboard; sourceTree = "<group>"; };
		1187B05921357A16001FA202 /* Info.plist */ = {isa = PBXFileReference; lastKnownFileType = text.plist.xml; path = Info.plist; sourceTree = "<group>"; };
		1187B05A21357A16001FA202 /* main.m */ = {isa = PBXFileReference; lastKnownFileType = sourcecode.c.objc; path = main.m; sourceTree = "<group>"; };
		1187B06021357A16001FA202 /* MXKIFTextTests.xctest */ = {isa = PBXFileReference; explicitFileType = wrapper.cfbundle; includeInIndex = 0; path = MXKIFTextTests.xctest; sourceTree = BUILT_PRODUCTS_DIR; };
		1187B06421357A16001FA202 /* MXKIFTextTests.m */ = {isa = PBXFileReference; lastKnownFileType = sourcecode.c.objc; path = MXKIFTextTests.m; sourceTree = "<group>"; };
		1187B06621357A16001FA202 /* Info.plist */ = {isa = PBXFileReference; lastKnownFileType = text.plist.xml; path = Info.plist; sourceTree = "<group>"; };
		1187B06B21357A16001FA202 /* MXKIFTextUITests.xctest */ = {isa = PBXFileReference; explicitFileType = wrapper.cfbundle; includeInIndex = 0; path = MXKIFTextUITests.xctest; sourceTree = BUILT_PRODUCTS_DIR; };
		1187B06F21357A16001FA202 /* MXKIFTextUITests.m */ = {isa = PBXFileReference; lastKnownFileType = sourcecode.c.objc; path = MXKIFTextUITests.m; sourceTree = "<group>"; };
		1187B07121357A16001FA202 /* Info.plist */ = {isa = PBXFileReference; lastKnownFileType = text.plist.xml; path = Info.plist; sourceTree = "<group>"; };
		1187B09821357D43001FA202 /* FeedVC.h */ = {isa = PBXFileReference; lastKnownFileType = sourcecode.c.h; path = FeedVC.h; sourceTree = "<group>"; };
		1187B09921357D43001FA202 /* FeedVC.m */ = {isa = PBXFileReference; lastKnownFileType = sourcecode.c.objc; path = FeedVC.m; sourceTree = "<group>"; };
/* End PBXFileReference section */

/* Begin PBXFrameworksBuildPhase section */
		1187B04521357A16001FA202 /* Frameworks */ = {
			isa = PBXFrameworksBuildPhase;
			buildActionMask = 2147483647;
			files = (
			);
			runOnlyForDeploymentPostprocessing = 0;
		};
		1187B05D21357A16001FA202 /* Frameworks */ = {
			isa = PBXFrameworksBuildPhase;
			buildActionMask = 2147483647;
			files = (
			);
			runOnlyForDeploymentPostprocessing = 0;
		};
		1187B06821357A16001FA202 /* Frameworks */ = {
			isa = PBXFrameworksBuildPhase;
			buildActionMask = 2147483647;
			files = (
			);
			runOnlyForDeploymentPostprocessing = 0;
		};
/* End PBXFrameworksBuildPhase section */

/* Begin PBXGroup section */
		1187B03F21357A16001FA202 = {
			isa = PBXGroup;
			children = (
				1187B07D21357B0D001FA202 /* Frameworks */,
				1187B04A21357A16001FA202 /* MXKIFText */,
				1187B06321357A16001FA202 /* MXKIFTextTests */,
				1187B06E21357A16001FA202 /* MXKIFTextUITests */,
				1187B04921357A16001FA202 /* Products */,
			);
			sourceTree = "<group>";
		};
		1187B04921357A16001FA202 /* Products */ = {
			isa = PBXGroup;
			children = (
				1187B04821357A16001FA202 /* MXKIFText.app */,
				1187B06021357A16001FA202 /* MXKIFTextTests.xctest */,
				1187B06B21357A16001FA202 /* MXKIFTextUITests.xctest */,
			);
			name = Products;
			sourceTree = "<group>";
		};
		1187B04A21357A16001FA202 /* MXKIFText */ = {
			isa = PBXGroup;
			children = (
				1187B09521357CE3001FA202 /* ViewControl */,
				1187B04B21357A16001FA202 /* AppDelegate.h */,
				1187B04C21357A16001FA202 /* AppDelegate.m */,
				1187B04E21357A16001FA202 /* ViewController.h */,
				1187B04F21357A16001FA202 /* ViewController.m */,
				1187B05121357A16001FA202 /* Main.storyboard */,
				1187B05421357A16001FA202 /* Assets.xcassets */,
				1187B05621357A16001FA202 /* LaunchScreen.storyboard */,
				1187B05921357A16001FA202 /* Info.plist */,
				1187B05A21357A16001FA202 /* main.m */,
			);
			path = MXKIFText;
			sourceTree = "<group>";
		};
		1187B06321357A16001FA202 /* MXKIFTextTests */ = {
			isa = PBXGroup;
			children = (
				1187B06421357A16001FA202 /* MXKIFTextTests.m */,
				1187B06621357A16001FA202 /* Info.plist */,
			);
			path = MXKIFTextTests;
			sourceTree = "<group>";
		};
		1187B06E21357A16001FA202 /* MXKIFTextUITests */ = {
			isa = PBXGroup;
			children = (
				1187B06F21357A16001FA202 /* MXKIFTextUITests.m */,
				1187B07121357A16001FA202 /* Info.plist */,
			);
			path = MXKIFTextUITests;
			sourceTree = "<group>";
		};
		1187B07D21357B0D001FA202 /* Frameworks */ = {
			isa = PBXGroup;
			children = (
			);
			path = Frameworks;
			sourceTree = "<group>";
		};
		1187B09521357CE3001FA202 /* ViewControl */ = {
			isa = PBXGroup;
			children = (
				1187B09821357D43001FA202 /* FeedVC.h */,
				1187B09921357D43001FA202 /* FeedVC.m */,
			);
			path = ViewControl;
			sourceTree = "<group>";
		};
/* End PBXGroup section */

/* Begin PBXNativeTarget section */
		1187B04721357A16001FA202 /* MXKIFText */ = {
			isa = PBXNativeTarget;
			buildConfigurationList = 1187B07421357A16001FA202 /* Build configuration list for PBXNativeTarget "MXKIFText" */;
			buildPhases = (
				1187B04421357A16001FA202 /* Sources */,
				1187B04521357A16001FA202 /* Frameworks */,
				1187B04621357A16001FA202 /* Resources */,
			);
			buildRules = (
			);
			dependencies = (
			);
			name = MXKIFText;
			productName = MXKIFText;
			productReference = 1187B04821357A16001FA202 /* MXKIFText.app */;
			productType = "com.apple.product-type.application";
		};
		1187B05F21357A16001FA202 /* MXKIFTextTests */ = {
			isa = PBXNativeTarget;
			buildConfigurationList = 1187B07721357A16001FA202 /* Build configuration list for PBXNativeTarget "MXKIFTextTests" */;
			buildPhases = (
				1187B05C21357A16001FA202 /* Sources */,
				1187B05D21357A16001FA202 /* Frameworks */,
				1187B05E21357A16001FA202 /* Resources */,
			);
			buildRules = (
			);
			dependencies = (
				1187B06221357A16001FA202 /* PBXTargetDependency */,
			);
			name = MXKIFTextTests;
			productName = MXKIFTextTests;
			productReference = 1187B06021357A16001FA202 /* MXKIFTextTests.xctest */;
			productType = "com.apple.product-type.bundle.unit-test";
		};
		1187B06A21357A16001FA202 /* MXKIFTextUITests */ = {
			isa = PBXNativeTarget;
			buildConfigurationList = 1187B07A21357A16001FA202 /* Build configuration list for PBXNativeTarget "MXKIFTextUITests" */;
			buildPhases = (
				1187B06721357A16001FA202 /* Sources */,
				1187B06821357A16001FA202 /* Frameworks */,
				1187B06921357A16001FA202 /* Resources */,
			);
			buildRules = (
			);
			dependencies = (
				1187B06D21357A16001FA202 /* PBXTargetDependency */,
			);
			name = MXKIFTextUITests;
			productName = MXKIFTextUITests;
			productReference = 1187B06B21357A16001FA202 /* MXKIFTextUITests.xctest */;
			productType = "com.apple.product-type.bundle.ui-testing";
		};
/* End PBXNativeTarget section */

/* Begin PBXProject section */
		1187B04021357A16001FA202 /* Project object */ = {
			isa = PBXProject;
			attributes = {
				LastUpgradeCheck = 0920;
				ORGANIZATIONNAME = "Meng,Xia(CE QA)";
				TargetAttributes = {
					1187B04721357A16001FA202 = {
						CreatedOnToolsVersion = 9.2;
						ProvisioningStyle = Automatic;
					};
					1187B05F21357A16001FA202 = {
						CreatedOnToolsVersion = 9.2;
						ProvisioningStyle = Automatic;
						TestTargetID = 1187B04721357A16001FA202;
					};
					1187B06A21357A16001FA202 = {
						CreatedOnToolsVersion = 9.2;
						ProvisioningStyle = Automatic;
						TestTargetID = 1187B04721357A16001FA202;
					};
				};
			};
			buildConfigurationList = 1187B04321357A16001FA202 /* Build configuration list for PBXProject "MXKIFText" */;
			compatibilityVersion = "Xcode 8.0";
			developmentRegion = en;
			hasScannedForEncodings = 0;
			knownRegions = (
				en,
				Base,
			);
			mainGroup = 1187B03F21357A16001FA202;
			productRefGroup = 1187B04921357A16001FA202 /* Products */;
			projectDirPath = "";
			projectRoot = "";
			targets = (
				1187B04721357A16001FA202 /* MXKIFText */,
				1187B05F21357A16001FA202 /* MXKIFTextTests */,
				1187B06A21357A16001FA202 /* MXKIFTextUITests */,
			);
		};
/* End PBXProject section */

/* Begin PBXResourcesBuildPhase section */
		1187B04621357A16001FA202 /* Resources */ = {
			isa = PBXResourcesBuildPhase;
			buildActionMask = 2147483647;
			files = (
				1187B05821357A16001FA202 /* LaunchScreen.storyboard in Resources */,
				1187B05521357A16001FA202 /* Assets.xcassets in Resources */,
				1187B05321357A16001FA202 /* Main.storyboard in Resources */,
			);
			runOnlyForDeploymentPostprocessing = 0;
		};
		1187B05E21357A16001FA202 /* Resources */ = {
			isa = PBXResourcesBuildPhase;
			buildActionMask = 2147483647;
			files = (
				1187B15121358BCD001FA202 /* Main.storyboard in Resources */,
			);
			runOnlyForDeploymentPostprocessing = 0;
		};
		1187B06921357A16001FA202 /* Resources */ = {
			isa = PBXResourcesBuildPhase;
			buildActionMask = 2147483647;
			files = (
			);
			runOnlyForDeploymentPostprocessing = 0;
		};
/* End PBXResourcesBuildPhase section */

/* Begin PBXSourcesBuildPhase section */
		1187B04421357A16001FA202 /* Sources */ = {
			isa = PBXSourcesBuildPhase;
			buildActionMask = 2147483647;
			files = (
				1187B05021357A16001FA202 /* ViewController.m in Sources */,
				1187B05B21357A16001FA202 /* main.m in Sources */,
				1187B04D21357A16001FA202 /* AppDelegate.m in Sources */,
				1187B09A21357D43001FA202 /* FeedVC.m in Sources */,
			);
			runOnlyForDeploymentPostprocessing = 0;
		};
		1187B05C21357A16001FA202 /* Sources */ = {
			isa = PBXSourcesBuildPhase;
			buildActionMask = 2147483647;
			files = (
				1187B06521357A16001FA202 /* MXKIFTextTests.m in Sources */,
			);
			runOnlyForDeploymentPostprocessing = 0;
		};
		1187B06721357A16001FA202 /* Sources */ = {
			isa = PBXSourcesBuildPhase;
			buildActionMask = 2147483647;
			files = (
				1187B07021357A16001FA202 /* MXKIFTextUITests.m in Sources */,
			);
			runOnlyForDeploymentPostprocessing = 0;
		};
/* End PBXSourcesBuildPhase section */

/* Begin PBXTargetDependency section */
		1187B06221357A16001FA202 /* PBXTargetDependency */ = {
			isa = PBXTargetDependency;
			target = 1187B04721357A16001FA202 /* MXKIFText */;
			targetProxy = 1187B06121357A16001FA202 /* PBXContainerItemProxy */;
		};
		1187B06D21357A16001FA202 /* PBXTargetDependency */ = {
			isa = PBXTargetDependency;
			target = 1187B04721357A16001FA202 /* MXKIFText */;
			targetProxy = 1187B06C21357A16001FA202 /* PBXContainerItemProxy */;
		};
/* End PBXTargetDependency section */

/* Begin PBXVariantGroup section */
		1187B05121357A16001FA202 /* Main.storyboard */ = {
			isa = PBXVariantGroup;
			children = (
				1187B05221357A16001FA202 /* Base */,
			);
			name = Main.storyboard;
			sourceTree = "<group>";
		};
		1187B05621357A16001FA202 /* LaunchScreen.storyboard */ = {
			isa = PBXVariantGroup;
			children = (
				1187B05721357A16001FA202 /* Base */,
			);
			name = LaunchScreen.storyboard;
			sourceTree = "<group>";
		};
/* End PBXVariantGroup section */

/* Begin XCBuildConfiguration section */
		1187B07221357A16001FA202 /* Debug */ = {
			isa = XCBuildConfiguration;
			buildSettings = {
				ALWAYS_SEARCH_USER_PATHS = NO;
				CLANG_ANALYZER_NONNULL = YES;
				CLANG_ANALYZER_NUMBER_OBJECT_CONVERSION = YES_AGGRESSIVE;
				CLANG_CXX_LANGUAGE_STANDARD = "gnu++14";
				CLANG_CXX_LIBRARY = "libc++";
				CLANG_ENABLE_MODULES = YES;
				CLANG_ENABLE_OBJC_ARC = YES;
				CLANG_WARN_BLOCK_CAPTURE_AUTORELEASING = YES;
				CLANG_WARN_BOOL_CONVERSION = YES;
				CLANG_WARN_COMMA = YES;
				CLANG_WARN_CONSTANT_CONVERSION = YES;
				CLANG_WARN_DIRECT_OBJC_ISA_USAGE = YES_ERROR;
				CLANG_WARN_DOCUMENTATION_COMMENTS = YES;
				CLANG_WARN_EMPTY_BODY = YES;
				CLANG_WARN_ENUM_CONVERSION = YES;
				CLANG_WARN_INFINITE_RECURSION = YES;
				CLANG_WARN_INT_CONVERSION = YES;
				CLANG_WARN_NON_LITERAL_NULL_CONVERSION = YES;
				CLANG_WARN_OBJC_LITERAL_CONVERSION = YES;
				CLANG_WARN_OBJC_ROOT_CLASS = YES_ERROR;
				CLANG_WARN_RANGE_LOOP_ANALYSIS = YES;
				CLANG_WARN_STRICT_PROTOTYPES = YES;
				CLANG_WARN_SUSPICIOUS_MOVE = YES;
				CLANG_WARN_UNGUARDED_AVAILABILITY = YES_AGGRESSIVE;
				CLANG_WARN_UNREACHABLE_CODE = YES;
				CLANG_WARN__DUPLICATE_METHOD_MATCH = YES;
				CODE_SIGN_IDENTITY = "iPhone Developer";
				COPY_PHASE_STRIP = NO;
				DEBUG_INFORMATION_FORMAT = dwarf;
				ENABLE_STRICT_OBJC_MSGSEND = YES;
				ENABLE_TESTABILITY = YES;
				GCC_C_LANGUAGE_STANDARD = gnu11;
				GCC_DYNAMIC_NO_PIC = NO;
				GCC_NO_COMMON_BLOCKS = YES;
				GCC_OPTIMIZATION_LEVEL = 0;
				GCC_PREPROCESSOR_DEFINITIONS = (
					"DEBUG=1",
					"$(inherited)",
				);
				GCC_WARN_64_TO_32_BIT_CONVERSION = YES;
				GCC_WARN_ABOUT_RETURN_TYPE = YES_ERROR;
				GCC_WARN_UNDECLARED_SELECTOR = YES;
				GCC_WARN_UNINITIALIZED_AUTOS = YES_AGGRESSIVE;
				GCC_WARN_UNUSED_FUNCTION = YES;
				GCC_WARN_UNUSED_VARIABLE = YES;
				IPHONEOS_DEPLOYMENT_TARGET = 11.2;
				MTL_ENABLE_DEBUG_INFO = YES;
				ONLY_ACTIVE_ARCH = YES;
				SDKROOT = iphoneos;
			};
			name = Debug;
		};
		1187B07321357A16001FA202 /* Release */ = {
			isa = XCBuildConfiguration;
			buildSettings = {
				ALWAYS_SEARCH_USER_PATHS = NO;
				CLANG_ANALYZER_NONNULL = YES;
				CLANG_ANALYZER_NUMBER_OBJECT_CONVERSION = YES_AGGRESSIVE;
				CLANG_CXX_LANGUAGE_STANDARD = "gnu++14";
				CLANG_CXX_LIBRARY = "libc++";
				CLANG_ENABLE_MODULES = YES;
				CLANG_ENABLE_OBJC_ARC = YES;
				CLANG_WARN_BLOCK_CAPTURE_AUTORELEASING = YES;
				CLANG_WARN_BOOL_CONVERSION = YES;
				CLANG_WARN_COMMA = YES;
				CLANG_WARN_CONSTANT_CONVERSION = YES;
				CLANG_WARN_DIRECT_OBJC_ISA_USAGE = YES_ERROR;
				CLANG_WARN_DOCUMENTATION_COMMENTS = YES;
				CLANG_WARN_EMPTY_BODY = YES;
				CLANG_WARN_ENUM_CONVERSION = YES;
				CLANG_WARN_INFINITE_RECURSION = YES;
				CLANG_WARN_INT_CONVERSION = YES;
				CLANG_WARN_NON_LITERAL_NULL_CONVERSION = YES;
				CLANG_WARN_OBJC_LITERAL_CONVERSION = YES;
				CLANG_WARN_OBJC_ROOT_CLASS = YES_ERROR;
				CLANG_WARN_RANGE_LOOP_ANALYSIS = YES;
				CLANG_WARN_STRICT_PROTOTYPES = YES;
				CLANG_WARN_SUSPICIOUS_MOVE = YES;
				CLANG_WARN_UNGUARDED_AVAILABILITY = YES_AGGRESSIVE;
				CLANG_WARN_UNREACHABLE_CODE = YES;
				CLANG_WARN__DUPLICATE_METHOD_MATCH = YES;
				CODE_SIGN_IDENTITY = "iPhone Developer";
				COPY_PHASE_STRIP = NO;
				DEBUG_INFORMATION_FORMAT = "dwarf-with-dsym";
				ENABLE_NS_ASSERTIONS = NO;
				ENABLE_STRICT_OBJC_MSGSEND = YES;
				GCC_C_LANGUAGE_STANDARD = gnu11;
				GCC_NO_COMMON_BLOCKS = YES;
				GCC_WARN_64_TO_32_BIT_CONVERSION = YES;
				GCC_WARN_ABOUT_RETURN_TYPE = YES_ERROR;
				GCC_WARN_UNDECLARED_SELECTOR = YES;
				GCC_WARN_UNINITIALIZED_AUTOS = YES_AGGRESSIVE;
				GCC_WARN_UNUSED_FUNCTION = YES;
				GCC_WARN_UNUSED_VARIABLE = YES;
				IPHONEOS_DEPLOYMENT_TARGET = 11.2;
				MTL_ENABLE_DEBUG_INFO = NO;
				SDKROOT = iphoneos;
				VALIDATE_PRODUCT = YES;
			};
			name = Release;
		};
		1187B07521357A16001FA202 /* Debug */ = {
			isa = XCBuildConfiguration;
			buildSettings = {
				ASSETCATALOG_COMPILER_APPICON_NAME = AppIcon;
				CODE_SIGN_STYLE = Automatic;
				INFOPLIST_FILE = MXKIFText/Info.plist;
				LD_RUNPATH_SEARCH_PATHS = "$(inherited) @executable_path/Frameworks";
				PRODUCT_BUNDLE_IDENTIFIER = mx.MXKIFText;
				PRODUCT_NAME = "$(TARGET_NAME)";
				TARGETED_DEVICE_FAMILY = "1,2";
			};
			name = Debug;
		};
		1187B07621357A16001FA202 /* Release */ = {
			isa = XCBuildConfiguration;
			buildSettings = {
				ASSETCATALOG_COMPILER_APPICON_NAME = AppIcon;
				CODE_SIGN_STYLE = Automatic;
				INFOPLIST_FILE = MXKIFText/Info.plist;
				LD_RUNPATH_SEARCH_PATHS = "$(inherited) @executable_path/Frameworks";
				PRODUCT_BUNDLE_IDENTIFIER = mx.MXKIFText;
				PRODUCT_NAME = "$(TARGET_NAME)";
				TARGETED_DEVICE_FAMILY = "1,2";
			};
			name = Release;
		};
		1187B07821357A16001FA202 /* Debug */ = {
			isa = XCBuildConfiguration;
			buildSettings = {
				BUNDLE_LOADER = "$(TEST_HOST)";
				CODE_SIGN_STYLE = Automatic;
				INFOPLIST_FILE = MXKIFTextTests/Info.plist;
				LD_RUNPATH_SEARCH_PATHS = "$(inherited) @executable_path/Frameworks @loader_path/Frameworks";
				PRODUCT_BUNDLE_IDENTIFIER = mx.MXKIFTextTests;
				PRODUCT_NAME = "$(TARGET_NAME)";
				TARGETED_DEVICE_FAMILY = "1,2";
				TEST_HOST = "$(BUILT_PRODUCTS_DIR)/MXKIFText.app/MXKIFText";
			};
			name = Debug;
		};
		1187B07921357A16001FA202 /* Release */ = {
			isa = XCBuildConfiguration;
			buildSettings = {
				BUNDLE_LOADER = "$(TEST_HOST)";
				CODE_SIGN_STYLE = Automatic;
				INFOPLIST_FILE = MXKIFTextTests/Info.plist;
				LD_RUNPATH_SEARCH_PATHS = "$(inherited) @executable_path/Frameworks @loader_path/Frameworks";
				PRODUCT_BUNDLE_IDENTIFIER = mx.MXKIFTextTests;
				PRODUCT_NAME = "$(TARGET_NAME)";
				TARGETED_DEVICE_FAMILY = "1,2";
				TEST_HOST = "$(BUILT_PRODUCTS_DIR)/MXKIFText.app/MXKIFText";
			};
			name = Release;
		};
		1187B07B21357A16001FA202 /* Debug */ = {
			isa = XCBuildConfiguration;
			buildSettings = {
				CODE_SIGN_STYLE = Automatic;
				INFOPLIST_FILE = MXKIFTextUITests/Info.plist;
				LD_RUNPATH_SEARCH_PATHS = "$(inherited) @executable_path/Frameworks @loader_path/Frameworks";
				PRODUCT_BUNDLE_IDENTIFIER = mx.MXKIFTextUITests;
				PRODUCT_NAME = "$(TARGET_NAME)";
				TARGETED_DEVICE_FAMILY = "1,2";
				TEST_TARGET_NAME = MXKIFText;
			};
			name = Debug;
		};
		1187B07C21357A16001FA202 /* Release */ = {
			isa = XCBuildConfiguration;
			buildSettings = {
				CODE_SIGN_STYLE = Automatic;
				INFOPLIST_FILE = MXKIFTextUITests/Info.plist;
				LD_RUNPATH_SEARCH_PATHS = "$(inherited) @executable_path/Frameworks @loader_path/Frameworks";
				PRODUCT_BUNDLE_IDENTIFIER = mx.MXKIFTextUITests;
				PRODUCT_NAME = "$(TARGET_NAME)";
				TARGETED_DEVICE_FAMILY = "1,2";
				TEST_TARGET_NAME = MXKIFText;
			};
			name = Release;
		};
/* End XCBuildConfiguration section */

/* Begin XCConfigurationList section */
		1187B04321357A16001FA202 /* Build configuration list for PBXProject "MXKIFText" */ = {
			isa = XCConfigurationList;
			buildConfigurations = (
				1187B07221357A16001FA202 /* Debug */,
				1187B07321357A16001FA202 /* Release */,
			);
			defaultConfigurationIsVisible = 0;
			defaultConfigurationName = Release;
		};
		1187B07421357A16001FA202 /* Build configuration list for PBXNativeTarget "MXKIFText" */ = {
			isa = XCConfigurationList;
			buildConfigurations = (
				1187B07521357A16001FA202 /* Debug */,
				1187B07621357A16001FA202 /* Release */,
			);
			defaultConfigurationIsVisible = 0;
			defaultConfigurationName = Release;
		};
		1187B07721357A16001FA202 /* Build configuration list for PBXNativeTarget "MXKIFTextTests" */ = {
			isa = XCConfigurationList;
			buildConfigurations = (
				1187B07821357A16001FA202 /* Debug */,
				1187B07921357A16001FA202 /* Release */,
			);
			defaultConfigurationIsVisible = 0;
			defaultConfigurationName = Release;
		};
		1187B07A21357A16001FA202 /* Build configuration list for PBXNativeTarget "MXKIFTextUITests" */ = {
			isa = XCConfigurationList;
			buildConfigurations = (
				1187B07B21357A16001FA202 /* Debug */,
				1187B07C21357A16001FA202 /* Release */,
			);
			defaultConfigurationIsVisible = 0;
			defaultConfigurationName = Release;
		};
/* End XCConfigurationList section */
	};
	rootObject = 1187B04021357A16001FA202 /* Project object */;
}
